<?xml version="1.0" encoding="UTF-8" standalone="yes" ?>
<CodeBlocks_project_file>
	<FileVersion major="1" minor="6" />
	<Project>
		<Option title="HADevice" />
		<Option pch_mode="2" />
		<Option compiler="gcc" />
		<Build>			
			<Target title="Debug">
				<Option output="../HADevice" prefix_auto="1" extension_auto="1" />
				<Option object_output="obj/Debug/" />
				<Option type="1" />
				<Option compiler="gcc" />
				<Compiler>
					<Add option="-g" />
				</Compiler>
				<Linker>
					<Add library="C:\Atmel\MinGW-4.7.2\lib\libwinmm.a" />
				</Linker>
			</Target>
		</Build>
		<Compiler>
			<Add option="-Wall" />
			<Add option="-std=gnu99" />
			<Add option="-include MakerulesBc_All_StdlinkSec_Win_Gcc.h" />
			<Add option="-mno-ms-bitfields" />
			<Add option="-DWIN" />
			<Add option="-D_ROUTER_" />
			<Add option="-D_COORDINATOR_" />
			<Add option="-D_ENDDEVICE_" />
			<Add option="-DBOARD_PC" />
			<Add option="-DZAPPSI_HOST" />
			<Add option="-D_ZAPPSI_" />
			<Add option="-D_SYS_APL_TASK_" />
			<Add option="-D_SYS_BSP_TASK_" />
			<Add option="-D_SYS_HAL_TASK_" />
			<Add option="-DHAL_USE_USART" />
			<Add option="-DSTACK_TYPE_ALL" />
			<Add option="-DHAL_0MHz" />
			<Add option="-DSTDLINK_SECURITY_MODE" />
			<Add option="-D_LINK_SECURITY_" />
			<Add option="-D_SECURITY_" />
			<Add directory="../../../BitCloud/lib" />
			<Add directory="../../../BitCloud/Components/APS/include" />
			<Add directory="../../../BitCloud/Components/NWK/include" />
			<Add directory="../../../BitCloud/Components/HAL/include" />
			<Add directory="../../../BitCloud/Components/SystemEnvironment/include" />
			<Add directory=".." />
			<Add directory="../combinedInterface/include" />
			<Add directory="../../../BitCloud/Components/BSP" />
			<Add directory="../../../BitCloud/Components/BSP/PC/include" />
			<Add directory="../../../BitCloud/Components/BSP/include" />
			<Add directory="../../../BitCloud/Components/MAC_PHY/include" />
			<Add directory="../../../BitCloud/Components/ConfigServer/include" />
			<Add directory="../../../BitCloud/Components/ZDO/include" />
			<Add directory="../../../BitCloud/Components/MAC_PHY/MAC_ENV/include" />
			<Add directory="../../../BitCloud/Components/HAL/pc/windows/include" />
			<Add directory="../../../BitCloud/Components/HAL/drivers/include" />
			<Add directory="../../../BitCloud/Components/ConfigServer/include/private" />
			<Add directory="../../../BitCloud/Components/ZAppSI/include" />
			<Add directory="../../../BitCloud/Components/Security/ServiceProvider/include" />
			<Add directory="../../../BitCloud/Components/Security/ServiceProvider/include/private" />
			<Add directory="../../../BitCloud/Components/Security/TrustCentre/include" />
			<Add directory="../../../BitCloud/Components/NWK/include/private" />
			<Add directory="../../../BitCloud/Components/APS/include/private" />
			<Add directory="../../../BitCloud/Components/ZDO/include/private" />
			<Add directory="../../../BitCloud/Components/PersistDataServer/include" />
			<Add directory="../../../BitCloud/Components/PersistDataServer/std/include" />
			<Add directory="../../../BitCloud/Components/PersistDataServer/wl/include" />
			<Add directory="../../../BitCloud/Components/ZLLPlatform/ZLL/S_Nv/include" />
			<Add directory="../../../BitCloud/Components/ZLLPlatform/ZLL/D_Nv/include" />
			<Add directory="../../../BitCloud/Components/ZLLPlatform/Infrastructure/N_Types/include" />
			<Add directory="../../../BitCloud/Components/ZLLPlatform/Infrastructure/N_Util/include" />
			<Add directory="../../../BitCloud/Components/ZLLPlatform/Infrastructure/N_Timer/include" />
			<Add directory="../../../BitCloud/Components/ZLLPlatform/Infrastructure/N_Task/include" />
			<Add directory="../../../BitCloud/Components/ZLLPlatform/Infrastructure/N_ErrH/include" />
			<Add directory="../../../BitCloud/Components/ZLLPlatform/Infrastructure/N_Log/include" />
			<Add directory="../../../BitCloud/Components/ZLLPlatform/Infrastructure/N_Memory/include" />
			<Add directory="../../../BitCloud/Components/ZLLPlatform/Infrastructure/N_Init/include" />
			<Add directory="../common/include" />
			<Add directory="../common/clusters/include" />
			<Add directory="../../../BitCloud/Components/ZCL/include" />
			<Add directory="../../../BitCloud/Components/ZCL/include/private" />
			<Add directory="../../../../lib" />
			<Add directory="../dimmableLight/include" />
		</Compiler>
		<Linker>
			<Add library="C:\Atmel\MinGW-4.7.2\lib\libwinmm.a" />
		</Linker>
		<Unit filename="../../../BitCloud/Components/BSP/PC/include/bspTaskManager.h" />
		<Unit filename="../../../BitCloud/Components/BSP/PC/src/bspTaskManager.c">
			<Option compilerVar="CC" />
		</Unit>
		<Unit filename="../../../BitCloud/Components/BSP/PC/src/bspUid.c">
			<Option compilerVar="CC" />
		</Unit>
		<Unit filename="../../../BitCloud/Components/BSP/PC/src/fakeBSP.c">
			<Option compilerVar="CC" />
		</Unit>
		<Unit filename="../../../BitCloud/Components/ConfigServer/include/configServer.h" />
		<Unit filename="../../../BitCloud/Components/ConfigServer/include/csDefaults.h" />
		<Unit filename="../../../BitCloud/Components/ConfigServer/include/private/csBuffers.h" />
		<Unit filename="../../../BitCloud/Components/ConfigServer/include/private/csConstTable.h" />
		<Unit filename="../../../BitCloud/Components/ConfigServer/include/private/csDbg.h" />
		<Unit filename="../../../BitCloud/Components/ConfigServer/include/private/csMemTable.h" />
		<Unit filename="../../../BitCloud/Components/ConfigServer/include/private/csSIB.h" />
		<Unit filename="../../../BitCloud/Components/ConfigServer/include/private/csVarTable.h" />
		<Unit filename="../../../BitCloud/Components/ConfigServer/include/stackVersion.h" />
		<Unit filename="../../../BitCloud/Components/ConfigServer/src/configServer.c">
			<Option compilerVar="CC" />
		</Unit>
		<Unit filename="../../../BitCloud/Components/ConfigServer/src/csMem.c">
			<Option compilerVar="CC" />
		</Unit>
		<Unit filename="../../../BitCloud/Components/ConfigServer/src/csPersistentMem.c">
			<Option compilerVar="CC" />
		</Unit>
		<Unit filename="../../../BitCloud/Components/HAL/PC/common/src/appTimer.c">
			<Option compilerVar="CC" />
		</Unit>
		<Unit filename="../../../BitCloud/Components/HAL/PC/common/src/halTaskManager.c">
			<Option compilerVar="CC" />
		</Unit>
		<Unit filename="../../../BitCloud/Components/HAL/PC/common/src/resetReason.c">
			<Option compilerVar="CC" />
		</Unit>
		<Unit filename="../../../BitCloud/Components/HAL/PC/common/src/stdioAdapter.c">
			<Option compilerVar="CC" />
		</Unit>
		<Unit filename="../../../BitCloud/Components/HAL/PC/common/src/timer.c">
			<Option compilerVar="CC" />
		</Unit>
		<Unit filename="../../../BitCloud/Components/HAL/PC/common/src/usart.c">
			<Option compilerVar="CC" />
		</Unit>
		<Unit filename="../../../BitCloud/Components/HAL/PC/windows/include/gpio.h" />
		<Unit filename="../../../BitCloud/Components/HAL/PC/windows/include/halAppClock.h" />
		<Unit filename="../../../BitCloud/Components/HAL/PC/windows/include/halAssert.h" />
		<Unit filename="../../../BitCloud/Components/HAL/PC/windows/include/halAtomic.h" />
		<Unit filename="../../../BitCloud/Components/HAL/PC/windows/include/halDbg.h" />
		<Unit filename="../../../BitCloud/Components/HAL/PC/windows/include/halUsart.h" />
		<Unit filename="../../../BitCloud/Components/HAL/PC/windows/src/halAppClock.c">
			<Option compilerVar="CC" />
		</Unit>
		<Unit filename="../../../BitCloud/Components/HAL/PC/windows/src/halAtomic.c">
			<Option compilerVar="CC" />
		</Unit>
		<Unit filename="../../../BitCloud/Components/HAL/PC/windows/src/halInit.c">
			<Option compilerVar="CC" />
		</Unit>
		<Unit filename="../../../BitCloud/Components/HAL/PC/windows/src/halSleep.c">
			<Option compilerVar="CC" />
		</Unit>
		<Unit filename="../../../BitCloud/Components/HAL/PC/windows/src/halUsart.c">
			<Option compilerVar="CC" />
		</Unit>
		<Unit filename="../../../BitCloud/Components/PersistDataServer/include/pdsDataServer.h" />
		<Unit filename="../../../BitCloud/Components/PersistDataServer/include/pdsMemIds.h" />
		<Unit filename="../../../BitCloud/Components/PersistDataServer/std/include/stdPdsCrcService.h" />
		<Unit filename="../../../BitCloud/Components/PersistDataServer/std/include/stdPdsDbg.h" />
		<Unit filename="../../../BitCloud/Components/PersistDataServer/std/include/stdPdsFiles.h" />
		<Unit filename="../../../BitCloud/Components/PersistDataServer/std/include/stdPdsMem.h" />
		<Unit filename="../../../BitCloud/Components/PersistDataServer/std/include/stdPdsMemAbstract.h" />
		<Unit filename="../../../BitCloud/Components/PersistDataServer/std/include/stdPdsMemAccess.h" />
		<Unit filename="../../../BitCloud/Components/PersistDataServer/std/include/stdPdsMemIds.h" />
		<Unit filename="../../../BitCloud/Components/PersistDataServer/std/include/stdPdsTimer.h" />
		<Unit filename="../../../BitCloud/Components/PersistDataServer/std/include/stdPdsWriteData.h" />
		<Unit filename="../../../BitCloud/Components/PersistDataServer/wl2/include/wl2PdsBindings.h" />
		<Unit filename="../../../BitCloud/Components/PersistDataServer/wl2/include/wl2PdsMemIds.h" />
		<Unit filename="../../../BitCloud/Components/PersistDataServer/wl2/include/wl2PdsSecurity.h" />
		<Unit filename="../../../BitCloud/Components/PersistDataServer/wl2/include/wl2PdsTaskManager.h" />
		<Unit filename="../../../BitCloud/Components/PersistDataServer/wl2/include/wl2PdsTypes.h" />
		<Unit filename="../../../BitCloud/Components/PersistDataServer/wl2/include/wl2PdsTypesConverter.h" />
		<Unit filename="../../../BitCloud/Components/PersistDataServer/wl/include/wlPdsCheckpoints.h" />
		<Unit filename="../../../BitCloud/Components/PersistDataServer/wl/include/wlPdsCheckpointsLayout.h" />
		<Unit filename="../../../BitCloud/Components/PersistDataServer/wl/include/wlPdsCommit.h" />
		<Unit filename="../../../BitCloud/Components/PersistDataServer/wl/include/wlPdsDbg.h" />
		<Unit filename="../../../BitCloud/Components/PersistDataServer/wl/include/wlPdsEepromAdapter.h" />
		<Unit filename="../../../BitCloud/Components/PersistDataServer/wl/include/wlPdsExternalFlashAdapter.h" />
		<Unit filename="../../../BitCloud/Components/PersistDataServer/wl/include/wlPdsFileAccess.h" />
		<Unit filename="../../../BitCloud/Components/PersistDataServer/wl/include/wlPdsFileOperations.h" />
		<Unit filename="../../../BitCloud/Components/PersistDataServer/wl/include/wlPdsFiles.h" />
		<Unit filename="../../../BitCloud/Components/PersistDataServer/wl/include/wlPdsFilesCache.h" />
		<Unit filename="../../../BitCloud/Components/PersistDataServer/wl/include/wlPdsFlashAdapter.h" />
		<Unit filename="../../../BitCloud/Components/PersistDataServer/wl/include/wlPdsGarbageCollector.h" />
		<Unit filename="../../../BitCloud/Components/PersistDataServer/wl/include/wlPdsLayout.h" />
		<Unit filename="../../../BitCloud/Components/PersistDataServer/wl/include/wlPdsMem.h" />
		<Unit filename="../../../BitCloud/Components/PersistDataServer/wl/include/wlPdsMemIds.h" />
		<Unit filename="../../../BitCloud/Components/PersistDataServer/wl/include/wlPdsNvMemAdapter.h" />
		<Unit filename="../../../BitCloud/Components/PersistDataServer/wl/include/wlPdsSecurity.h" />
		<Unit filename="../../../BitCloud/Components/PersistDataServer/wl/include/wlPdsStorage.h" />
		<Unit filename="../../../BitCloud/Components/PersistDataServer/wl/include/wlPdsStorageLayout.h" />
		<Unit filename="../../../BitCloud/Components/PersistDataServer/wl/include/wlPdsStorageScan.h" />
		<Unit filename="../../../BitCloud/Components/PersistDataServer/wl/include/wlPdsSuperblock.h" />
		<Unit filename="../../../BitCloud/Components/PersistDataServer/wl/include/wlPdsTaskManager.h" />
		<Unit filename="../../../BitCloud/Components/PersistDataServer/wl/include/wlPdsTimer.h" />
		<Unit filename="../../../BitCloud/Components/PersistDataServer/wl/include/wlPdsTransactions.h" />
		<Unit filename="../../../BitCloud/Components/PersistDataServer/wl/include/wlPdsTypes.h" />
		<Unit filename="../../../BitCloud/Components/SystemEnvironment/src/dbg.c">
			<Option compilerVar="CC" />
		</Unit>
		<Unit filename="../../../BitCloud/Components/SystemEnvironment/src/sysDuplicateTable.c">
			<Option compilerVar="CC" />
		</Unit>
		<Unit filename="../../../BitCloud/Components/SystemEnvironment/src/sysEventsHandler.c">
			<Option compilerVar="CC" />
		</Unit>
		<Unit filename="../../../BitCloud/Components/SystemEnvironment/src/sysIdleHandler.c">
			<Option compilerVar="CC" />
		</Unit>
		<Unit filename="../../../BitCloud/Components/SystemEnvironment/src/sysInit.c">
			<Option compilerVar="CC" />
		</Unit>
		<Unit filename="../../../BitCloud/Components/SystemEnvironment/src/sysMutex.c">
			<Option compilerVar="CC" />
		</Unit>
		<Unit filename="../../../BitCloud/Components/SystemEnvironment/src/sysQueue.c">
			<Option compilerVar="CC" />
		</Unit>
		<Unit filename="../../../BitCloud/Components/SystemEnvironment/src/sysSleep.c">
			<Option compilerVar="CC" />
		</Unit>
		<Unit filename="../../../BitCloud/Components/SystemEnvironment/src/sysStat.c">
			<Option compilerVar="CC" />
		</Unit>
		<Unit filename="../../../BitCloud/Components/SystemEnvironment/src/sysTaskManager.c">
			<Option compilerVar="CC" />
		</Unit>
		<Unit filename="../../../BitCloud/Components/SystemEnvironment/src/sysTimer.c">
			<Option compilerVar="CC" />
		</Unit>
		<Unit filename="../../../BitCloud/Components/SystemEnvironment/src/sysUtils.c">
			<Option compilerVar="CC" />
		</Unit>
		<Unit filename="../../../BitCloud/Components/ZAppSI/include/zsiApsSerialization.h" />
		<Unit filename="../../../BitCloud/Components/ZAppSI/include/zsiCommandId.h" />
		<Unit filename="../../../BitCloud/Components/ZAppSI/include/zsiDbg.h" />
		<Unit filename="../../../BitCloud/Components/ZAppSI/include/zsiDriver.h" />
		<Unit filename="../../../BitCloud/Components/ZAppSI/include/zsiFrames.h" />
		<Unit filename="../../../BitCloud/Components/ZAppSI/include/zsiHalSerialization.h" />
		<Unit filename="../../../BitCloud/Components/ZAppSI/include/zsiInit.h" />
		<Unit filename="../../../BitCloud/Components/ZAppSI/include/zsiKeSerialization.h" />
		<Unit filename="../../../BitCloud/Components/ZAppSI/include/zsiMacSerialization.h" />
		<Unit filename="../../../BitCloud/Components/ZAppSI/include/zsiMem.h" />
		<Unit filename="../../../BitCloud/Components/ZAppSI/include/zsiMemoryManager.h" />
		<Unit filename="../../../BitCloud/Components/ZAppSI/include/zsiNotify.h" />
		<Unit filename="../../../BitCloud/Components/ZAppSI/include/zsiNwkSerialization.h" />
		<Unit filename="../../../BitCloud/Components/ZAppSI/include/zsiSerialController.h" />
		<Unit filename="../../../BitCloud/Components/ZAppSI/include/zsiSerialInterface.h" />
		<Unit filename="../../../BitCloud/Components/ZAppSI/include/zsiSerializer.h" />
		<Unit filename="../../../BitCloud/Components/ZAppSI/include/zsiSysSerialization.h" />
		<Unit filename="../../../BitCloud/Components/ZAppSI/include/zsiTaskManager.h" />
		<Unit filename="../../../BitCloud/Components/ZAppSI/include/zsiTest.h" />
		<Unit filename="../../../BitCloud/Components/ZAppSI/include/zsiZdoSerialization.h" />
		<Unit filename="../../../BitCloud/Components/ZAppSI/include/zsiZdpSerialization.h" />
		<Unit filename="../../../BitCloud/Components/ZAppSI/src/zsiAps.c">
			<Option compilerVar="CC" />
		</Unit>
		<Unit filename="../../../BitCloud/Components/ZAppSI/src/zsiApsSerialization.c">
			<Option compilerVar="CC" />
		</Unit>
		<Unit filename="../../../BitCloud/Components/ZAppSI/src/zsiDriver.c">
			<Option compilerVar="CC" />
		</Unit>
		<Unit filename="../../../BitCloud/Components/ZAppSI/src/zsiHal.c">
			<Option compilerVar="CC" />
		</Unit>
		<Unit filename="../../../BitCloud/Components/ZAppSI/src/zsiHalSerialization.c">
			<Option compilerVar="CC" />
		</Unit>
		<Unit filename="../../../BitCloud/Components/ZAppSI/src/zsiInit.c">
			<Option compilerVar="CC" />
		</Unit>
		<Unit filename="../../../BitCloud/Components/ZAppSI/src/zsiKe.c">
			<Option compilerVar="CC" />
		</Unit>
		<Unit filename="../../../BitCloud/Components/ZAppSI/src/zsiKeSerialization.c">
			<Option compilerVar="CC" />
		</Unit>
		<Unit filename="../../../BitCloud/Components/ZAppSI/src/zsiMac.c">
			<Option compilerVar="CC" />
		</Unit>
		<Unit filename="../../../BitCloud/Components/ZAppSI/src/zsiMacSerialization.c">
			<Option compilerVar="CC" />
		</Unit>
		<Unit filename="../../../BitCloud/Components/ZAppSI/src/zsiMem.c">
			<Option compilerVar="CC" />
		</Unit>
		<Unit filename="../../../BitCloud/Components/ZAppSI/src/zsiMemoryManager.c">
			<Option compilerVar="CC" />
		</Unit>
		<Unit filename="../../../BitCloud/Components/ZAppSI/src/zsiNotify.c">
			<Option compilerVar="CC" />
		</Unit>
		<Unit filename="../../../BitCloud/Components/ZAppSI/src/zsiNwk.c">
			<Option compilerVar="CC" />
		</Unit>
		<Unit filename="../../../BitCloud/Components/ZAppSI/src/zsiNwkSerialization.c">
			<Option compilerVar="CC" />
		</Unit>
		<Unit filename="../../../BitCloud/Components/ZAppSI/src/zsiSerialController.c">
			<Option compilerVar="CC" />
		</Unit>
		<Unit filename="../../../BitCloud/Components/ZAppSI/src/zsiSerializer.c">
			<Option compilerVar="CC" />
		</Unit>
		<Unit filename="../../../BitCloud/Components/ZAppSI/src/zsiSpiAdapter.c">
			<Option compilerVar="CC" />
		</Unit>
		<Unit filename="../../../BitCloud/Components/ZAppSI/src/zsiStubs.c">
			<Option compilerVar="CC" />
		</Unit>
		<Unit filename="../../../BitCloud/Components/ZAppSI/src/zsiSynchronization.c">
			<Option compilerVar="CC" />
		</Unit>
		<Unit filename="../../../BitCloud/Components/ZAppSI/src/zsiSys.c">
			<Option compilerVar="CC" />
		</Unit>
		<Unit filename="../../../BitCloud/Components/ZAppSI/src/zsiSysSerialization.c">
			<Option compilerVar="CC" />
		</Unit>
		<Unit filename="../../../BitCloud/Components/ZAppSI/src/zsiTaskManager.c">
			<Option compilerVar="CC" />
		</Unit>
		<Unit filename="../../../BitCloud/Components/ZAppSI/src/zsiUsartAdapter.c">
			<Option compilerVar="CC" />
		</Unit>
		<Unit filename="../../../BitCloud/Components/ZAppSI/src/zsiZdo.c">
			<Option compilerVar="CC" />
		</Unit>
		<Unit filename="../../../BitCloud/Components/ZAppSI/src/zsiZdoSerialization.c">
			<Option compilerVar="CC" />
		</Unit>
		<Unit filename="../../../BitCloud/Components/ZAppSI/src/zsiZdp.c">
			<Option compilerVar="CC" />
		</Unit>
		<Unit filename="../../../BitCloud/Components/ZAppSI/src/zsiZdpSerialization.c">
			<Option compilerVar="CC" />
		</Unit>
		<Unit filename="../../../BitCloud/Components/ZCL/include/clusters.h" />
		<Unit filename="../../../BitCloud/Components/ZCL/include/eccAux.h" />
		<Unit filename="../../../BitCloud/Components/ZCL/include/genericEcc.h" />
		<Unit filename="../../../BitCloud/Components/ZCL/include/private/zclDbg.h" />
		<Unit filename="../../../BitCloud/Components/ZCL/include/zcl.h" />
		<Unit filename="../../../BitCloud/Components/ZCL/include/zclAttributes.h" />
		<Unit filename="../../../BitCloud/Components/ZCL/include/zclBACnetProtocolTunnelCluster.h" />
		<Unit filename="../../../BitCloud/Components/ZCL/include/zclBasicCluster.h" />
		<Unit filename="../../../BitCloud/Components/ZCL/include/zclCommandAnalyzer.h" />
		<Unit filename="../../../BitCloud/Components/ZCL/include/zclDemandResponseCluster.h" />
		<Unit filename="../../../BitCloud/Components/ZCL/include/zclGenericTunnelCluster.h" />
		<Unit filename="../../../BitCloud/Components/ZCL/include/zclGroupsCluster.h" />
		<Unit filename="../../../BitCloud/Components/ZCL/include/zclHumidityMeasurementCluster.h" />
		<Unit filename="../../../BitCloud/Components/ZCL/include/zclIdentifyCluster.h" />
		<Unit filename="../../../BitCloud/Components/ZCL/include/zclInt.h" />
		<Unit filename="../../../BitCloud/Components/ZCL/include/zclKeyEstablishmentCluster.h" />
		<Unit filename="../../../BitCloud/Components/ZCL/include/zclLevelControlCluster.h" />
		<Unit filename="../../../BitCloud/Components/ZCL/include/zclLinkInfoCluster.h" />
		<Unit filename="../../../BitCloud/Components/ZCL/include/zclMem.h" />
		<Unit filename="../../../BitCloud/Components/ZCL/include/zclMemoryManager.h" />
		<Unit filename="../../../BitCloud/Components/ZCL/include/zclMessagingCluster.h" />
		<Unit filename="../../../BitCloud/Components/ZCL/include/zclOTAUCluster.h" />
		<Unit filename="../../../BitCloud/Components/ZCL/include/zclOccupancySensingCluster.h" />
		<Unit filename="../../../BitCloud/Components/ZCL/include/zclOnOffCluster.h" />
		<Unit filename="../../../BitCloud/Components/ZCL/include/zclOnOffSwitchConfigurationCluster.h" />
		<Unit filename="../../../BitCloud/Components/ZCL/include/zclOtauDiscovery.h" />
		<Unit filename="../../../BitCloud/Components/ZCL/include/zclOtauManager.h" />
		<Unit filename="../../../BitCloud/Components/ZCL/include/zclParser.h" />
		<Unit filename="../../../BitCloud/Components/ZCL/include/zclPowerConfigurationCluster.h" />
		<Unit filename="../../../BitCloud/Components/ZCL/include/zclPriceCluster.h" />
		<Unit filename="../../../BitCloud/Components/ZCL/include/zclScenesCluster.h" />
		<Unit filename="../../../BitCloud/Components/ZCL/include/zclSecurityManager.h" />
		<Unit filename="../../../BitCloud/Components/ZCL/include/zclSimpleMeteringCluster.h" />
		<Unit filename="../../../BitCloud/Components/ZCL/include/zclSimpleMeteringClusterMacroSet.h" />
		<Unit filename="../../../BitCloud/Components/ZCL/include/zclSmartEnergyTunnelCluster.h" />
		<Unit filename="../../../BitCloud/Components/ZCL/include/zclTaskManager.h" />
		<Unit filename="../../../BitCloud/Components/ZCL/include/zclTemperatureMeasurementCluster.h" />
		<Unit filename="../../../BitCloud/Components/ZCL/include/zclThermostatCluster.h" />
		<Unit filename="../../../BitCloud/Components/ZCL/include/zclTimeCluster.h" />
		<Unit filename="../../../BitCloud/Components/ZCL/include/zclZllBasicCluster.h" />
		<Unit filename="../../../BitCloud/Components/ZCL/include/zclZllColorControlCluster.h" />
		<Unit filename="../../../BitCloud/Components/ZCL/include/zclZllCommissioningCluster.h" />
		<Unit filename="../../../BitCloud/Components/ZCL/include/zclZllGroupsCluster.h" />
		<Unit filename="../../../BitCloud/Components/ZCL/include/zclZllIdentifyCluster.h" />
		<Unit filename="../../../BitCloud/Components/ZCL/include/zclZllLevelControlCluster.h" />
		<Unit filename="../../../BitCloud/Components/ZCL/include/zclZllOnOffCluster.h" />
		<Unit filename="../../../BitCloud/Components/ZCL/include/zclZllScenesCluster.h" />
		<Unit filename="../../../BitCloud/Components/ZCL/src/zcl.c">
			<Option compilerVar="CC" />
		</Unit>
		<Unit filename="../../../BitCloud/Components/ZCL/src/zclAttributes.c">
			<Option compilerVar="CC" />
		</Unit>
		<Unit filename="../../../BitCloud/Components/ZCL/src/zclCommandAnalyzer.c">
			<Option compilerVar="CC" />
		</Unit>
		<Unit filename="../../../BitCloud/Components/ZCL/src/zclDummyEcc.c">
			<Option compilerVar="CC" />
		</Unit>
		<Unit filename="../../../BitCloud/Components/ZCL/src/zclKeyEstablishmentCluster.c">
			<Option compilerVar="CC" />
		</Unit>
		<Unit filename="../../../BitCloud/Components/ZCL/src/zclMemoryManager.c">
			<Option compilerVar="CC" />
		</Unit>
		<Unit filename="../../../BitCloud/Components/ZCL/src/zclOtauClient.c">
			<Option compilerVar="CC" />
		</Unit>
		<Unit filename="../../../BitCloud/Components/ZCL/src/zclOtauDiscovery.c">
			<Option compilerVar="CC" />
		</Unit>
		<Unit filename="../../../BitCloud/Components/ZCL/src/zclOtauManager.c">
			<Option compilerVar="CC" />
		</Unit>
		<Unit filename="../../../BitCloud/Components/ZCL/src/zclOtauServer.c">
			<Option compilerVar="CC" />
		</Unit>
		<Unit filename="../../../BitCloud/Components/ZCL/src/zclParser.c">
			<Option compilerVar="CC" />
		</Unit>
		<Unit filename="../../../BitCloud/Components/ZCL/src/zclSecurityManager.c">
			<Option compilerVar="CC" />
		</Unit>
		<Unit filename="../../../BitCloud/Components/ZCL/src/zclTaskManager.c">
			<Option compilerVar="CC" />
		</Unit>
		<Unit filename="../combinedInterface/include/ciBasicCluster.h" />
		<Unit filename="../combinedInterface/include/ciClusters.h" />
		<Unit filename="../combinedInterface/include/ciGroupsCluster.h" />
		<Unit filename="../combinedInterface/include/ciIdentifyCluster.h" />
		<Unit filename="../combinedInterface/include/ciLevelControlCluster.h" />
		<Unit filename="../combinedInterface/include/ciOccupancySensingCluster.h" />
		<Unit filename="../combinedInterface/include/ciOnOffCluster.h" />
		<Unit filename="../combinedInterface/include/ciScenesCluster.h" />
		<Unit filename="../combinedInterface/src/ciBasicCluster.c">
			<Option compilerVar="CC" />
		</Unit>
		<Unit filename="../combinedInterface/src/ciClusters.c">
			<Option compilerVar="CC" />
		</Unit>
		<Unit filename="../combinedInterface/src/ciConsole.c">
			<Option compilerVar="CC" />
		</Unit>
		<Unit filename="../combinedInterface/src/ciGroupsCluster.c">
			<Option compilerVar="CC" />
		</Unit>
		<Unit filename="../combinedInterface/src/ciIdentifyCluster.c">
			<Option compilerVar="CC" />
		</Unit>
		<Unit filename="../combinedInterface/src/ciLevelControlCluster.c">
			<Option compilerVar="CC" />
		</Unit>
		<Unit filename="../combinedInterface/src/ciOccupancySensingCluster.c">
			<Option compilerVar="CC" />
		</Unit>
		<Unit filename="../combinedInterface/src/ciOnOffCluster.c">
			<Option compilerVar="CC" />
		</Unit>
		<Unit filename="../combinedInterface/src/ciScenesCluster.c">
			<Option compilerVar="CC" />
		</Unit>
		<Unit filename="../combinedInterface/src/combinedInterface.c">
			<Option compilerVar="CC" />
		</Unit>
		<Unit filename="../common/clusters/include/basicCluster.h" />
		<Unit filename="../common/clusters/include/haClusters.h" />
		<Unit filename="../common/clusters/include/identifyCluster.h" />
		<Unit filename="../common/clusters/src/haClusters.c">
			<Option compilerVar="CC" />
		</Unit>
		<Unit filename="../common/include/appConsts.h" />
		<Unit filename="../common/include/commandManager.h" />
		<Unit filename="../common/include/console.h" />
		<Unit filename="../common/include/ezModeManager.h" />
		<Unit filename="../common/include/keyboardPoll.h" />
		<Unit filename="../common/include/otauService.h" />
		<Unit filename="../common/include/uartManager.h" />
		<Unit filename="../common/include/zclDevice.h" />
		<Unit filename="../common/src/commandManager.c">
			<Option compilerVar="CC" />
		</Unit>
		<Unit filename="../common/src/console.c">
			<Option compilerVar="CC" />
		</Unit>
		<Unit filename="../common/src/ezModeManager.c">
			<Option compilerVar="CC" />
		</Unit>
		<Unit filename="../common/src/keyboardPoll.c">
			<Option compilerVar="CC" />
		</Unit>
		<Unit filename="../common/src/otauService.c">
			<Option compilerVar="CC" />
		</Unit>
		<Unit filename="../common/src/uartManager.c">
			<Option compilerVar="CC" />
		</Unit>
		<Unit filename="../common/src/zclDevice.c">
			<Option compilerVar="CC" />
		</Unit>
		<Unit filename="../configuration.h" />
		<Unit filename="../dimmableLight/include/dlBasicCluster.h" />
		<Unit filename="../dimmableLight/include/dlClusters.h" />
		<Unit filename="../dimmableLight/include/dlGroupsCluster.h" />
		<Unit filename="../dimmableLight/include/dlIdentifyCluster.h" />
		<Unit filename="../dimmableLight/include/dlLevelControlCluster.h" />
		<Unit filename="../dimmableLight/include/dlOnOffCluster.h" />
		<Unit filename="../dimmableLight/include/dlScenes.h" />
		<Unit filename="../dimmableLight/include/dlScenesCluster.h" />
		<Unit filename="../dimmerSwitch/include/dsBasicCluster.h" />
		<Unit filename="../dimmerSwitch/include/dsClusters.h" />
		<Unit filename="../dimmerSwitch/include/dsIdentifyCluster.h" />
		<Unit filename="../dimmerSwitch/include/dsLevelControlCluster.h" />
		<Unit filename="../dimmerSwitch/include/dsOnOffCluster.h" />
		<Unit filename="../occupancySensor/include/osBasicCluster.h" />
		<Unit filename="../occupancySensor/include/osClusters.h" />
		<Unit filename="../occupancySensor/include/osIdentifyCluster.h" />
		<Unit filename="../occupancySensor/include/osOccupancySensingCluster.h" />
	</Project>
</CodeBlocks_project_file>
